// !$*UTF8*$!
{
	archiveVersion = 1;
	classes = {
	};
	objectVersion = 46;
	objects = {

/* Begin PBXBuildFile section */
		C77A8E701BEADAEC002B42A4 /* main.m in Sources */ = {isa = PBXBuildFile; fileRef = C77A8E6F1BEADAEC002B42A4 /* main.m */; };
		C77A8E731BEADAEC002B42A4 /* AppDelegate.m in Sources */ = {isa = PBXBuildFile; fileRef = C77A8E721BEADAEC002B42A4 /* AppDelegate.m */; };
		C77A8E761BEADAEC002B42A4 /* ViewController.m in Sources */ = {isa = PBXBuildFile; fileRef = C77A8E751BEADAEC002B42A4 /* ViewController.m */; };
		C77A8E791BEADAEC002B42A4 /* Main.storyboard in Resources */ = {isa = PBXBuildFile; fileRef = C77A8E771BEADAEC002B42A4 /* Main.storyboard */; };
		C77A8E7B1BEADAEC002B42A4 /* Images.xcassets in Resources */ = {isa = PBXBuildFile; fileRef = C77A8E7A1BEADAEC002B42A4 /* Images.xcassets */; };
		C77A8E7E1BEADAEC002B42A4 /* LaunchScreen.xib in Resources */ = {isa = PBXBuildFile; fileRef = C77A8E7C1BEADAEC002B42A4 /* LaunchScreen.xib */; };
		C77A8E8A1BEADAEC002B42A4 /* SureTests.m in Sources */ = {isa = PBXBuildFile; fileRef = C77A8E891BEADAEC002B42A4 /* SureTests.m */; };
		C77A8E961BEADB4E002B42A4 /* MainViewController.m in Sources */ = {isa = PBXBuildFile; fileRef = C77A8E941BEADB4E002B42A4 /* MainViewController.m */; };
		C77A8E971BEADB4E002B42A4 /* MainViewController.xib in Resources */ = {isa = PBXBuildFile; fileRef = C77A8E951BEADB4E002B42A4 /* MainViewController.xib */; };
		C77A8E9A1BEADE4F002B42A4 /* set.png in Resources */ = {isa = PBXBuildFile; fileRef = C77A8E981BEADE4F002B42A4 /* set.png */; };
		C77A8E9B1BEADE4F002B42A4 /* set@2x.png in Resources */ = {isa = PBXBuildFile; fileRef = C77A8E991BEADE4F002B42A4 /* set@2x.png */; };
		C77A8E9F1BEAE045002B42A4 /* FirstViewController.m in Sources */ = {isa = PBXBuildFile; fileRef = C77A8E9D1BEAE045002B42A4 /* FirstViewController.m */; };
		C77A8EA01BEAE045002B42A4 /* FirstViewController.xib in Resources */ = {isa = PBXBuildFile; fileRef = C77A8E9E1BEAE045002B42A4 /* FirstViewController.xib */; };
		C77A8EA71BEAE074002B42A4 /* SecondViewController.m in Sources */ = {isa = PBXBuildFile; fileRef = C77A8EA51BEAE074002B42A4 /* SecondViewController.m */; };
		C77A8EA81BEAE074002B42A4 /* SecondViewController.xib in Resources */ = {isa = PBXBuildFile; fileRef = C77A8EA61BEAE074002B42A4 /* SecondViewController.xib */; };
		C77A8EB21BEAE219002B42A4 /* ThirdViewController.m in Sources */ = {isa = PBXBuildFile; fileRef = C77A8EB01BEAE219002B42A4 /* ThirdViewController.m */; };
		C77A8EB31BEAE219002B42A4 /* ThirdViewController.xib in Resources */ = {isa = PBXBuildFile; fileRef = C77A8EB11BEAE219002B42A4 /* ThirdViewController.xib */; };
		C77A8EB71BEAE22A002B42A4 /* FourthViewController.m in Sources */ = {isa = PBXBuildFile; fileRef = C77A8EB51BEAE22A002B42A4 /* FourthViewController.m */; };
		C77A8EB81BEAE22A002B42A4 /* FourthViewController.xib in Resources */ = {isa = PBXBuildFile; fileRef = C77A8EB61BEAE22A002B42A4 /* FourthViewController.xib */; };
		C77A8EC61BEB17B5002B42A4 /* GuageViewCell.m in Sources */ = {isa = PBXBuildFile; fileRef = C77A8EC41BEB17B5002B42A4 /* GuageViewCell.m */; };
		C77A8EC71BEB17B5002B42A4 /* GuageViewCell.xib in Resources */ = {isa = PBXBuildFile; fileRef = C77A8EC51BEB17B5002B42A4 /* GuageViewCell.xib */; };
/* End PBXBuildFile section */

/* Begin PBXContainerItemProxy section */
		C77A8E841BEADAEC002B42A4 /* PBXContainerItemProxy */ = {
			isa = PBXContainerItemProxy;
			containerPortal = C77A8E621BEADAEC002B42A4 /* Project object */;
			proxyType = 1;
			remoteGlobalIDString = C77A8E691BEADAEC002B42A4;
			remoteInfo = Sure;
		};
/* End PBXContainerItemProxy section */

/* Begin PBXFileReference section */
		C77A8E6A1BEADAEC002B42A4 /* Sure.app */ = {isa = PBXFileReference; explicitFileType = wrapper.application; includeInIndex = 0; path = Sure.app; sourceTree = BUILT_PRODUCTS_DIR; };
		C77A8E6E1BEADAEC002B42A4 /* Info.plist */ = {isa = PBXFileReference; lastKnownFileType = text.plist.xml; path = Info.plist; sourceTree = "<group>"; };
		C77A8E6F1BEADAEC002B42A4 /* main.m */ = {isa = PBXFileReference; lastKnownFileType = sourcecode.c.objc; path = main.m; sourceTree = "<group>"; };
		C77A8E711BEADAEC002B42A4 /* AppDelegate.h */ = {isa = PBXFileReference; lastKnownFileType = sourcecode.c.h; path = AppDelegate.h; sourceTree = "<group>"; };
		C77A8E721BEADAEC002B42A4 /* AppDelegate.m */ = {isa = PBXFileReference; lastKnownFileType = sourcecode.c.objc; path = AppDelegate.m; sourceTree = "<group>"; };
		C77A8E741BEADAEC002B42A4 /* ViewController.h */ = {isa = PBXFileReference; lastKnownFileType = sourcecode.c.h; path = ViewController.h; sourceTree = "<group>"; };
		C77A8E751BEADAEC002B42A4 /* ViewController.m */ = {isa = PBXFileReference; lastKnownFileType = sourcecode.c.objc; path = ViewController.m; sourceTree = "<group>"; };
		C77A8E781BEADAEC002B42A4 /* Base */ = {isa = PBXFileReference; lastKnownFileType = file.storyboard; name = Base; path = Base.lproj/Main.storyboard; sourceTree = "<group>"; };
		C77A8E7A1BEADAEC002B42A4 /* Images.xcassets */ = {isa = PBXFileReference; lastKnownFileType = folder.assetcatalog; path = Images.xcassets; sourceTree = "<group>"; };
		C77A8E7D1BEADAEC002B42A4 /* Base */ = {isa = PBXFileReference; lastKnownFileType = file.xib; name = Base; path = Base.lproj/LaunchScreen.xib; sourceTree = "<group>"; };
		C77A8E831BEADAEC002B42A4 /* SureTests.xctest */ = {isa = PBXFileReference; explicitFileType = wrapper.cfbundle; includeInIndex = 0; path = SureTests.xctest; sourceTree = BUILT_PRODUCTS_DIR; };
		C77A8E881BEADAEC002B42A4 /* Info.plist */ = {isa = PBXFileReference; lastKnownFileType = text.plist.xml; path = Info.plist; sourceTree = "<group>"; };
		C77A8E891BEADAEC002B42A4 /* SureTests.m */ = {isa = PBXFileReference; lastKnownFileType = sourcecode.c.objc; path = SureTests.m; sourceTree = "<group>"; };
		C77A8E931BEADB4E002B42A4 /* MainViewController.h */ = {isa = PBXFileReference; fileEncoding = 4; lastKnownFileType = sourcecode.c.h; path = MainViewController.h; sourceTree = "<group>"; };
		C77A8E941BEADB4E002B42A4 /* MainViewController.m */ = {isa = PBXFileReference; fileEncoding = 4; lastKnownFileType = sourcecode.c.objc; path = MainViewController.m; sourceTree = "<group>"; };
		C77A8E951BEADB4E002B42A4 /* MainViewController.xib */ = {isa = PBXFileReference; fileEncoding = 4; lastKnownFileType = file.xib; path = MainViewController.xib; sourceTree = "<group>"; };
		C77A8E981BEADE4F002B42A4 /* set.png */ = {isa = PBXFileReference; lastKnownFileType = image.png; path = set.png; sourceTree = "<group>"; };
		C77A8E991BEADE4F002B42A4 /* set@2x.png */ = {isa = PBXFileReference; lastKnownFileType = image.png; path = "set@2x.png"; sourceTree = "<group>"; };
		C77A8E9C1BEAE045002B42A4 /* FirstViewController.h */ = {isa = PBXFileReference; fileEncoding = 4; lastKnownFileType = sourcecode.c.h; path = FirstViewController.h; sourceTree = "<group>"; };
		C77A8E9D1BEAE045002B42A4 /* FirstViewController.m */ = {isa = PBXFileReference; fileEncoding = 4; lastKnownFileType = sourcecode.c.objc; path = FirstViewController.m; sourceTree = "<group>"; };
		C77A8E9E1BEAE045002B42A4 /* FirstViewController.xib */ = {isa = PBXFileReference; fileEncoding = 4; lastKnownFileType = file.xib; path = FirstViewController.xib; sourceTree = "<group>"; };
		C77A8EA41BEAE074002B42A4 /* SecondViewController.h */ = {isa = PBXFileReference; fileEncoding = 4; lastKnownFileType = sourcecode.c.h; path = SecondViewController.h; sourceTree = "<group>"; };
		C77A8EA51BEAE074002B42A4 /* SecondViewController.m */ = {isa = PBXFileReference; fileEncoding = 4; lastKnownFileType = sourcecode.c.objc; path = SecondViewController.m; sourceTree = "<group>"; };
		C77A8EA61BEAE074002B42A4 /* SecondViewController.xib */ = {isa = PBXFileReference; fileEncoding = 4; lastKnownFileType = file.xib; path = SecondViewController.xib; sourceTree = "<group>"; };
		C77A8EAF1BEAE219002B42A4 /* ThirdViewController.h */ = {isa = PBXFileReference; fileEncoding = 4; lastKnownFileType = sourcecode.c.h; path = ThirdViewController.h; sourceTree = "<group>"; };
		C77A8EB01BEAE219002B42A4 /* ThirdViewController.m */ = {isa = PBXFileReference; fileEncoding = 4; lastKnownFileType = sourcecode.c.objc; path = ThirdViewController.m; sourceTree = "<group>"; };
		C77A8EB11BEAE219002B42A4 /* ThirdViewController.xib */ = {isa = PBXFileReference; fileEncoding = 4; lastKnownFileType = file.xib; path = ThirdViewController.xib; sourceTree = "<group>"; };
		C77A8EB41BEAE22A002B42A4 /* FourthViewController.h */ = {isa = PBXFileReference; fileEncoding = 4; lastKnownFileType = sourcecode.c.h; path = FourthViewController.h; sourceTree = "<group>"; };
		C77A8EB51BEAE22A002B42A4 /* FourthViewController.m */ = {isa = PBXFileReference; fileEncoding = 4; lastKnownFileType = sourcecode.c.objc; path = FourthViewController.m; sourceTree = "<group>"; };
		C77A8EB61BEAE22A002B42A4 /* FourthViewController.xib */ = {isa = PBXFileReference; fileEncoding = 4; lastKnownFileType = file.xib; path = FourthViewController.xib; sourceTree = "<group>"; };
		C77A8EC31BEB17B5002B42A4 /* GuageViewCell.h */ = {isa = PBXFileReference; fileEncoding = 4; lastKnownFileType = sourcecode.c.h; path = GuageViewCell.h; sourceTree = "<group>"; };
		C77A8EC41BEB17B5002B42A4 /* GuageViewCell.m */ = {isa = PBXFileReference; fileEncoding = 4; lastKnownFileType = sourcecode.c.objc; path = GuageViewCell.m; sourceTree = "<group>"; };
		C77A8EC51BEB17B5002B42A4 /* GuageViewCell.xib */ = {isa = PBXFileReference; fileEncoding = 4; lastKnownFileType = file.xib; path = GuageViewCell.xib; sourceTree = "<group>"; };
/* End PBXFileReference section */

/* Begin PBXFrameworksBuildPhase section */
		C77A8E671BEADAEC002B42A4 /* Frameworks */ = {
			isa = PBXFrameworksBuildPhase;
			buildActionMask = 2147483647;
			files = (
			);
			runOnlyForDeploymentPostprocessing = 0;
		};
		C77A8E801BEADAEC002B42A4 /* Frameworks */ = {
			isa = PBXFrameworksBuildPhase;
			buildActionMask = 2147483647;
			files = (
			);
			runOnlyForDeploymentPostprocessing = 0;
		};
/* End PBXFrameworksBuildPhase section */

/* Begin PBXGroup section */
		C77A8E611BEADAEC002B42A4 = {
			isa = PBXGroup;
			children = (
				C77A8E6C1BEADAEC002B42A4 /* Sure */,
				C77A8E861BEADAEC002B42A4 /* SureTests */,
				C77A8E6B1BEADAEC002B42A4 /* Products */,
			);
			sourceTree = "<group>";
		};
		C77A8E6B1BEADAEC002B42A4 /* Products */ = {
			isa = PBXGroup;
			children = (
				C77A8E6A1BEADAEC002B42A4 /* Sure.app */,
				C77A8E831BEADAEC002B42A4 /* SureTests.xctest */,
			);
			name = Products;
			sourceTree = "<group>";
		};
		C77A8E6C1BEADAEC002B42A4 /* Sure */ = {
			isa = PBXGroup;
			children = (
				C77A8E711BEADAEC002B42A4 /* AppDelegate.h */,
				C77A8E721BEADAEC002B42A4 /* AppDelegate.m */,
				C77A8E741BEADAEC002B42A4 /* ViewController.h */,
				C77A8E751BEADAEC002B42A4 /* ViewController.m */,
				C77A8E771BEADAEC002B42A4 /* Main.storyboard */,
				C77A8E7A1BEADAEC002B42A4 /* Images.xcassets */,
				C77A8E7C1BEADAEC002B42A4 /* LaunchScreen.xib */,
				C77A8E6D1BEADAEC002B42A4 /* Supporting Files */,
				C77A8E931BEADB4E002B42A4 /* MainViewController.h */,
				C77A8E941BEADB4E002B42A4 /* MainViewController.m */,
				C77A8E951BEADB4E002B42A4 /* MainViewController.xib */,
			);
			path = Sure;
			sourceTree = "<group>";
		};
		C77A8E6D1BEADAEC002B42A4 /* Supporting Files */ = {
			isa = PBXGroup;
			children = (
				C77A8EC21BEB17A0002B42A4 /* subView */,
				C77A8E981BEADE4F002B42A4 /* set.png */,
				C77A8E991BEADE4F002B42A4 /* set@2x.png */,
				C77A8E6E1BEADAEC002B42A4 /* Info.plist */,
				C77A8E6F1BEADAEC002B42A4 /* main.m */,
				C77A8E9C1BEAE045002B42A4 /* FirstViewController.h */,
				C77A8E9D1BEAE045002B42A4 /* FirstViewController.m */,
				C77A8E9E1BEAE045002B42A4 /* FirstViewController.xib */,
				C77A8EA41BEAE074002B42A4 /* SecondViewController.h */,
				C77A8EA51BEAE074002B42A4 /* SecondViewController.m */,
				C77A8EA61BEAE074002B42A4 /* SecondViewController.xib */,
				C77A8EAF1BEAE219002B42A4 /* ThirdViewController.h */,
				C77A8EB01BEAE219002B42A4 /* ThirdViewController.m */,
				C77A8EB11BEAE219002B42A4 /* ThirdViewController.xib */,
				C77A8EB41BEAE22A002B42A4 /* FourthViewController.h */,
				C77A8EB51BEAE22A002B42A4 /* FourthViewController.m */,
				C77A8EB61BEAE22A002B42A4 /* FourthViewController.xib */,
			);
			name = "Supporting Files";
			sourceTree = "<group>";
		};
		C77A8E861BEADAEC002B42A4 /* SureTests */ = {
			isa = PBXGroup;
			children = (
				C77A8E891BEADAEC002B42A4 /* SureTests.m */,
				C77A8E871BEADAEC002B42A4 /* Supporting Files */,
			);
			path = SureTests;
			sourceTree = "<group>";
		};
		C77A8E871BEADAEC002B42A4 /* Supporting Files */ = {
			isa = PBXGroup;
			children = (
				C77A8E881BEADAEC002B42A4 /* Info.plist */,
			);
			name = "Supporting Files";
			sourceTree = "<group>";
		};
		C77A8EC21BEB17A0002B42A4 /* subView */ = {
			isa = PBXGroup;
			children = (
				C77A8EC31BEB17B5002B42A4 /* GuageViewCell.h */,
				C77A8EC41BEB17B5002B42A4 /* GuageViewCell.m */,
				C77A8EC51BEB17B5002B42A4 /* GuageViewCell.xib */,
			);
			name = subView;
			sourceTree = "<group>";
		};
/* End PBXGroup section */

/* Begin PBXNativeTarget section */
		C77A8E691BEADAEC002B42A4 /* Sure */ = {
			isa = PBXNativeTarget;
			buildConfigurationList = C77A8E8D1BEADAEC002B42A4 /* Build configuration list for PBXNativeTarget "Sure" */;
			buildPhases = (
				C77A8E661BEADAEC002B42A4 /* Sources */,
				C77A8E671BEADAEC002B42A4 /* Frameworks */,
				C77A8E681BEADAEC002B42A4 /* Resources */,
			);
			buildRules = (
			);
			dependencies = (
			);
			name = Sure;
			productName = Sure;
			productReference = C77A8E6A1BEADAEC002B42A4 /* Sure.app */;
			productType = "com.apple.product-type.application";
		};
		C77A8E821BEADAEC002B42A4 /* SureTests */ = {
			isa = PBXNativeTarget;
			buildConfigurationList = C77A8E901BEADAEC002B42A4 /* Build configuration list for PBXNativeTarget "SureTests" */;
			buildPhases = (
				C77A8E7F1BEADAEC002B42A4 /* Sources */,
				C77A8E801BEADAEC002B42A4 /* Frameworks */,
				C77A8E811BEADAEC002B42A4 /* Resources */,
			);
			buildRules = (
			);
			dependencies = (
				C77A8E851BEADAEC002B42A4 /* PBXTargetDependency */,
			);
			name = SureTests;
			productName = SureTests;
			productReference = C77A8E831BEADAEC002B42A4 /* SureTests.xctest */;
			productType = "com.apple.product-type.bundle.unit-test";
		};
/* End PBXNativeTarget section */

/* Begin PBXProject section */
		C77A8E621BEADAEC002B42A4 /* Project object */ = {
			isa = PBXProject;
			attributes = {
				LastUpgradeCheck = 0640;
				ORGANIZATIONNAME = Akoo;
				TargetAttributes = {
					C77A8E691BEADAEC002B42A4 = {
						CreatedOnToolsVersion = 6.4;
					};
					C77A8E821BEADAEC002B42A4 = {
						CreatedOnToolsVersion = 6.4;
						TestTargetID = C77A8E691BEADAEC002B42A4;
					};
				};
			};
			buildConfigurationList = C77A8E651BEADAEC002B42A4 /* Build configuration list for PBXProject "Sure" */;
			compatibilityVersion = "Xcode 3.2";
			developmentRegion = English;
			hasScannedForEncodings = 0;
			knownRegions = (
				en,
				Base,
			);
			mainGroup = C77A8E611BEADAEC002B42A4;
			productRefGroup = C77A8E6B1BEADAEC002B42A4 /* Products */;
			projectDirPath = "";
			projectRoot = "";
			targets = (
				C77A8E691BEADAEC002B42A4 /* Sure */,
				C77A8E821BEADAEC002B42A4 /* SureTests */,
			);
		};
/* End PBXProject section */

/* Begin PBXResourcesBuildPhase section */
		C77A8E681BEADAEC002B42A4 /* Resources */ = {
			isa = PBXResourcesBuildPhase;
			buildActionMask = 2147483647;
			files = (
				C77A8E791BEADAEC002B42A4 /* Main.storyboard in Resources */,
				C77A8E7E1BEADAEC002B42A4 /* LaunchScreen.xib in Resources */,
				C77A8EB81BEAE22A002B42A4 /* FourthViewController.xib in Resources */,
				C77A8E7B1BEADAEC002B42A4 /* Images.xcassets in Resources */,
				C77A8E9B1BEADE4F002B42A4 /* set@2x.png in Resources */,
				C77A8EA81BEAE074002B42A4 /* SecondViewController.xib in Resources */,
				C77A8E9A1BEADE4F002B42A4 /* set.png in Resources */,
				C77A8EA01BEAE045002B42A4 /* FirstViewController.xib in Resources */,
				C77A8EC71BEB17B5002B42A4 /* GuageViewCell.xib in Resources */,
				C77A8E971BEADB4E002B42A4 /* MainViewController.xib in Resources */,
				C77A8EB31BEAE219002B42A4 /* ThirdViewController.xib in Resources */,
			);
			runOnlyForDeploymentPostprocessing = 0;
		};
		C77A8E811BEADAEC002B42A4 /* Resources */ = {
			isa = PBXResourcesBuildPhase;
			buildActionMask = 2147483647;
			files = (
			);
			runOnlyForDeploymentPostprocessing = 0;
		};
/* End PBXResourcesBuildPhase section */

/* Begin PBXSourcesBuildPhase section */
		C77A8E661BEADAEC002B42A4 /* Sources */ = {
			isa = PBXSourcesBuildPhase;
			buildActionMask = 2147483647;
			files = (
				C77A8EB71BEAE22A002B42A4 /* FourthViewController.m in Sources */,
				C77A8EC61BEB17B5002B42A4 /* GuageViewCell.m in Sources */,
				C77A8EA71BEAE074002B42A4 /* SecondViewController.m in Sources */,
				C77A8E761BEADAEC002B42A4 /* ViewController.m in Sources */,
				C77A8E731BEADAEC002B42A4 /* AppDelegate.m in Sources */,
				C77A8E9F1BEAE045002B42A4 /* FirstViewController.m in Sources */,
				C77A8E701BEADAEC002B42A4 /* main.m in Sources */,
				C77A8E961BEADB4E002B42A4 /* MainViewController.m in Sources */,
				C77A8EB21BEAE219002B42A4 /* ThirdViewController.m in Sources */,
			);
			runOnlyForDeploymentPostprocessing = 0;
		};
		C77A8E7F1BEADAEC002B42A4 /* Sources */ = {
			isa = PBXSourcesBuildPhase;
			buildActionMask = 2147483647;
			files = (
				C77A8E8A1BEADAEC002B42A4 /* SureTests.m in Sources */,
			);
			runOnlyForDeploymentPostprocessing = 0;
		};
/* End PBXSourcesBuildPhase section */

/* Begin PBXTargetDependency section */
		C77A8E851BEADAEC002B42A4 /* PBXTargetDependency */ = {
			isa = PBXTargetDependency;
			target = C77A8E691BEADAEC002B42A4 /* Sure */;
			targetProxy = C77A8E841BEADAEC002B42A4 /* PBXContainerItemProxy */;
		};
/* End PBXTargetDependency section */

/* Begin PBXVariantGroup section */
		C77A8E771BEADAEC002B42A4 /* Main.storyboard */ = {
			isa = PBXVariantGroup;
			children = (
				C77A8E781BEADAEC002B42A4 /* Base */,
			);
			name = Main.storyboard;
			sourceTree = "<group>";
		};
		C77A8E7C1BEADAEC002B42A4 /* LaunchScreen.xib */ = {
			isa = PBXVariantGroup;
			children = (
				C77A8E7D1BEADAEC002B42A4 /* Base */,
			);
			name = LaunchScreen.xib;
			sourceTree = "<group>";
		};
/* End PBXVariantGroup section */

/* Begin XCBuildConfiguration section */
		C77A8E8B1BEADAEC002B42A4 /* Debug */ = {
			isa = XCBuildConfiguration;
			buildSettings = {
				ALWAYS_SEARCH_USER_PATHS = NO;
				CLANG_CXX_LANGUAGE_STANDARD = "gnu++0x";
				CLANG_CXX_LIBRARY = "libc++";
				CLANG_ENABLE_MODULES = YES;
				CLANG_ENABLE_OBJC_ARC = YES;
				CLANG_WARN_BOOL_CONVERSION = YES;
				CLANG_WARN_CONSTANT_CONVERSION = YES;
				CLANG_WARN_DIRECT_OBJC_ISA_USAGE = YES_ERROR;
				CLANG_WARN_EMPTY_BODY = YES;
				CLANG_WARN_ENUM_CONVERSION = YES;
				CLANG_WARN_INT_CONVERSION = YES;
				CLANG_WARN_OBJC_ROOT_CLASS = YES_ERROR;
				CLANG_WARN_UNREACHABLE_CODE = YES;
				CLANG_WARN__DUPLICATE_METHOD_MATCH = YES;
				"CODE_SIGN_IDENTITY[sdk=iphoneos*]" = "iPhone Developer";
				COPY_PHASE_STRIP = NO;
				DEBUG_INFORMATION_FORMAT = "dwarf-with-dsym";
				ENABLE_STRICT_OBJC_MSGSEND = YES;
				GCC_C_LANGUAGE_STANDARD = gnu99;
				GCC_DYNAMIC_NO_PIC = NO;
				GCC_NO_COMMON_BLOCKS = YES;
				GCC_OPTIMIZATION_LEVEL = 0;
				GCC_PREPROCESSOR_DEFINITIONS = (
					"DEBUG=1",
					"$(inherited)",
				);
				GCC_SYMBOLS_PRIVATE_EXTERN = NO;
				GCC_WARN_64_TO_32_BIT_CONVERSION = YES;
				GCC_WARN_ABOUT_RETURN_TYPE = YES_ERROR;
				GCC_WARN_UNDECLARED_SELECTOR = YES;
				GCC_WARN_UNINITIALIZED_AUTOS = YES_AGGRESSIVE;
				GCC_WARN_UNUSED_FUNCTION = YES;
				GCC_WARN_UNUSED_VARIABLE = YES;
				IPHONEOS_DEPLOYMENT_TARGET = 8.4;
				MTL_ENABLE_DEBUG_INFO = YES;
				ONLY_ACTIVE_ARCH = YES;
				SDKROOT = iphoneos;
			};
			name = Debug;
		};
		C77A8E8C1BEADAEC002B42A4 /* Release */ = {
			isa = XCBuildConfiguration;
			buildSettings = {
				ALWAYS_SEARCH_USER_PATHS = NO;
				CLANG_CXX_LANGUAGE_STANDARD = "gnu++0x";
				CLANG_CXX_LIBRARY = "libc++";
				CLANG_ENABLE_MODULES = YES;
				CLANG_ENABLE_OBJC_ARC = YES;
				CLANG_WARN_BOOL_CONVERSION = YES;
				CLANG_WARN_CONSTANT_CONVERSION = YES;
				CLANG_WARN_DIRECT_OBJC_ISA_USAGE = YES_ERROR;
				CLANG_WARN_EMPTY_BODY = YES;
				CLANG_WARN_ENUM_CONVERSION = YES;
				CLANG_WARN_INT_CONVERSION = YES;
				CLANG_WARN_OBJC_ROOT_CLASS = YES_ERROR;
				CLANG_WARN_UNREACHABLE_CODE = YES;
				CLANG_WARN__DUPLICATE_METHOD_MATCH = YES;
				"CODE_SIGN_IDENTITY[sdk=iphoneos*]" = "iPhone Developer";
				COPY_PHASE_STRIP = NO;
				DEBUG_INFORMATION_FORMAT = "dwarf-with-dsym";
				ENABLE_NS_ASSERTIONS = NO;
				ENABLE_STRICT_OBJC_MSGSEND = YES;
				GCC_C_LANGUAGE_STANDARD = gnu99;
				GCC_NO_COMMON_BLOCKS = YES;
				GCC_WARN_64_TO_32_BIT_CONVERSION = YES;
				GCC_WARN_ABOUT_RETURN_TYPE = YES_ERROR;
				GCC_WARN_UNDECLARED_SELECTOR = YES;
				GCC_WARN_UNINITIALIZED_AUTOS = YES_AGGRESSIVE;
				GCC_WARN_UNUSED_FUNCTION = YES;
				GCC_WARN_UNUSED_VARIABLE = YES;
				IPHONEOS_DEPLOYMENT_TARGET = 8.4;
				MTL_ENABLE_DEBUG_INFO = NO;
				SDKROOT = iphoneos;
				VALIDATE_PRODUCT = YES;
			};
			name = Release;
		};
		C77A8E8E1BEADAEC002B42A4 /* Debug */ = {
			isa = XCBuildConfiguration;
			buildSettings = {
				ASSETCATALOG_COMPILER_APPICON_NAME = AppIcon;
				INFOPLIST_FILE = Sure/Info.plist;
				LD_RUNPATH_SEARCH_PATHS = "$(inherited) @executable_path/Frameworks";
				PRODUCT_NAME = "$(TARGET_NAME)";
			};
			name = Debug;
		};
		C77A8E8F1BEADAEC002B42A4 /* Release */ = {
			isa = XCBuildConfiguration;
			buildSettings = {
				ASSETCATALOG_COMPILER_APPICON_NAME = AppIcon;
				INFOPLIST_FILE = Sure/Info.plist;
				LD_RUNPATH_SEARCH_PATHS = "$(inherited) @executable_path/Frameworks";
				PRODUCT_NAME = "$(TARGET_NAME)";
			};
			name = Release;
		};
		C77A8E911BEADAEC002B42A4 /* Debug */ = {
			isa = XCBuildConfiguration;
			buildSettings = {
				BUNDLE_LOADER = "$(TEST_HOST)";
				FRAMEWORK_SEARCH_PATHS = (
					"$(SDKROOT)/Developer/Library/Frameworks",
					"$(inherited)",
				);
				GCC_PREPROCESSOR_DEFINITIONS = (
					"DEBUG=1",
					"$(inherited)",
				);
				INFOPLIST_FILE = SureTests/Info.plist;
				LD_RUNPATH_SEARCH_PATHS = "$(inherited) @executable_path/Frameworks @loader_path/Frameworks";
				PRODUCT_NAME = "$(TARGET_NAME)";
				TEST_HOST = "$(BUILT_PRODUCTS_DIR)/Sure.app/Sure";
			};
			name = Debug;
		};
		C77A8E921BEADAEC002B42A4 /* Release */ = {
			isa = XCBuildConfiguration;
			buildSettings = {
				BUNDLE_LOADER = "$(TEST_HOST)";
				FRAMEWORK_SEARCH_PATHS = (
					"$(SDKROOT)/Developer/Library/Frameworks",
					"$(inherited)",
				);
				INFOPLIST_FILE = SureTests/Info.plist;
				LD_RUNPATH_SEARCH_PATHS = "$(inherited) @executable_path/Frameworks @loader_path/Frameworks";
				PRODUCT_NAME = "$(TARGET_NAME)";
				TEST_HOST = "$(BUILT_PRODUCTS_DIR)/Sure.app/Sure";
			};
			name = Release;
		};
/* End XCBuildConfiguration section */

/* Begin XCConfigurationList section */
		C77A8E651BEADAEC002B42A4 /* Build configuration list for PBXProject "Sure" */ = {
			isa = XCConfigurationList;
			buildConfigurations = (
				C77A8E8B1BEADAEC002B42A4 /* Debug */,
				C77A8E8C1BEADAEC002B42A4 /* Release */,
			);
			defaultConfigurationIsVisible = 0;
			defaultConfigurationName = Release;
		};
		C77A8E8D1BEADAEC002B42A4 /* Build configuration list for PBXNativeTarget "Sure" */ = {
			isa = XCConfigurationList;
			buildConfigurations = (
				C77A8E8E1BEADAEC002B42A4 /* Debug */,
				C77A8E8F1BEADAEC002B42A4 /* Release */,
			);
			defaultConfigurationIsVisible = 0;
			defaultConfigurationName = Release;
		};
		C77A8E901BEADAEC002B42A4 /* Build configuration list for PBXNativeTarget "SureTests" */ = {
			isa = XCConfigurationList;
			buildConfigurations = (
				C77A8E911BEADAEC002B42A4 /* Debug */,
				C77A8E921BEADAEC002B42A4 /* Release */,
			);
			defaultConfigurationIsVisible = 0;
			defaultConfigurationName = Release;
		};
/* End XCConfigurationList section */
	};
	rootObject = C77A8E621BEADAEC002B42A4 /* Project object */;
}
